
Microsoft Visual Studio Solution File, Format Version 12.00
# Visual Studio Version 17
VisualStudioVersion = 17.5.002.0
MinimumVisualStudioVersion = 10.0.40219.1
Project("{9A19103F-16F7-4668-BE54-9A1E7A4F7556}") = "D04", "D04.csproj", "{48A2BD35-B25C-4CA9-A92A-335FAB8A6F0F}"
EndProject
Global
	GlobalSection(SolutionConfigurationPlatforms) = preSolution
		Debug|Any CPU = Debug|Any CPU
		Release|Any CPU = Release|Any CPU
	EndGlobalSection
	GlobalSection(ProjectConfigurationPlatforms) = postSolution
		{48A2BD35-B25C-4CA9-A92A-335FAB8A6F0F}.Debug|Any CPU.ActiveCfg = Debug|Any CPU
		{48A2BD35-B25C-4CA9-A92A-335FAB8A6F0F}.Debug|Any CPU.Build.0 = Debug|Any CPU
		{48A2BD35-B25C-4CA9-A92A-335FAB8A6F0F}.Release|Any CPU.ActiveCfg = Release|Any CPU
		{48A2BD35-B25C-4CA9-A92A-335FAB8A6F0F}.Release|Any CPU.Build.0 = Release|Any CPU
	EndGlobalSection
	GlobalSection(SolutionProperties) = preSolution
		HideSolutionNode = FALSE
	EndGlobalSection
	GlobalSection(ExtensibilityGlobals) = postSolution
		SolutionGuid = {44847D4A-0B7D-40EC-BFF2-BA723D52F23F}
	EndGlobalSection
EndGlobal
